<?xml version="1.0" encoding="utf-8"?>
<Project ToolsVersion="4.0" xmlns="http://schemas.microsoft.com/developer/msbuild/2003">
  <ItemGroup>
    <Filter Include="Source Files">
      <UniqueIdentifier>{4FC737F1-C7A5-4376-A066-2A32D752A2FF}</UniqueIdentifier>
      <Extensions>cpp;c;cc;cxx;c++;cppm;ixx;def;odl;idl;hpj;bat;asm;asmx</Extensions>
    </Filter>
    <Filter Include="Header Files">
      <UniqueIdentifier>{93995380-89BD-4b04-88EB-625FBE52EBFB}</UniqueIdentifier>
      <Extensions>h;hh;hpp;hxx;h++;hm;inl;inc;ipp;xsd</Extensions>
    </Filter>
    <Filter Include="Resource Files">
      <UniqueIdentifier>{67DA6AB6-F800-4c08-8B7A-83BB121AAD01}</UniqueIdentifier>
      <Extensions>rc;ico;cur;bmp;dlg;rc2;rct;bin;rgs;gif;jpg;jpeg;jpe;resx;tiff;tif;png;wav;mfcribbon-ms</Extensions>
    </Filter>
    <Filter Include="Source Files\utils">
      <UniqueIdentifier>{c1304623-364d-4900-a9bd-6265dde3da96}</UniqueIdentifier>
    </Filter>
    <Filter Include="Source Files\utils\Array-Handler">
      <UniqueIdentifier>{ea36e763-5db3-40a9-a089-39b24223d13e}</UniqueIdentifier>
    </Filter>
    <Filter Include="Source Files\utils\Random">
      <UniqueIdentifier>{ee5dd520-fe6e-49db-b12f-fdd32f12fa32}</UniqueIdentifier>
    </Filter>
    <Filter Include="Source Files\router">
      <UniqueIdentifier>{865bd2d6-2408-4d67-9c65-56e249a18563}</UniqueIdentifier>
    </Filter>
    <Filter Include="Source Files\helper">
      <UniqueIdentifier>{2fa2b767-1d0f-4dc2-ac03-631fd0435ccd}</UniqueIdentifier>
    </Filter>
  </ItemGroup>
  <ItemGroup>
    <ClInclude Include="array-handler.h">
      <Filter>Header Files</Filter>
    </ClInclude>
    <ClInclude Include="json.hpp">
      <Filter>Header Files</Filter>
    </ClInclude>
    <ClInclude Include="struct.h">
      <Filter>Header Files</Filter>
    </ClInclude>
    <ClInclude Include="random.h">
      <Filter>Header Files</Filter>
    </ClInclude>
  </ItemGroup>
  <ItemGroup>
    <ClCompile Include="main.cpp">
      <Filter>Source Files</Filter>
    </ClCompile>
    <ClCompile Include="push.cpp">
      <Filter>Source Files\utils\Array-Handler</Filter>
    </ClCompile>
    <ClCompile Include="rm.cpp">
      <Filter>Source Files\utils\Array-Handler</Filter>
    </ClCompile>
    <ClCompile Include="find.cpp">
      <Filter>Source Files\utils\Array-Handler</Filter>
    </ClCompile>
    <ClCompile Include="random.cpp">
      <Filter>Source Files\utils\Random</Filter>
    </ClCompile>
    <ClCompile Include="entrance.cpp">
      <Filter>Source Files\router</Filter>
    </ClCompile>
    <ClCompile Include="data-loading.cpp">
      <Filter>Source Files\helper</Filter>
    </ClCompile>
    <ClCompile Include="exit.cpp">
      <Filter>Source Files\router</Filter>
    </ClCompile>
    <ClCompile Include="read.cpp">
      <Filter>Source Files\router</Filter>
    </ClCompile>
    <ClCompile Include="addProduct.cpp">
      <Filter>Source Files\router</Filter>
    </ClCompile>
  </ItemGroup>
  <ItemGroup>
    <None Include="store.json">
      <Filter>Resource Files</Filter>
    </None>
  </ItemGroup>
</Project>